
Microsoft Visual Studio Solution File, Format Version 12.00
# Visual Studio 15
VisualStudioVersion = 15.0.26124.0
MinimumVisualStudioVersion = 15.0.26124.0
Project("{FAE04EC0-301F-11D3-BF4B-00C04F79EFBC}") = "WebApplication.Spec", "WebApplication.Spec\WebApplication.Spec.csproj", "{DFEDBDCD-AC89-4A5F-8A27-E98138490B19}"
EndProject
Project("{FAE04EC0-301F-11D3-BF4B-00C04F79EFBC}") = "WebApplication.Site", "WebApplication.Site\WebApplication.Site.csproj", "{4C04A150-B84B-4ACA-93FB-6F221617B172}"
EndProject
Project("{FAE04EC0-301F-11D3-BF4B-00C04F79EFBC}") = "WebApplication.Domain", "WebApplication.Domain\WebApplication.Domain.csproj", "{4FB4E1AE-8197-4042-B73D-D0AF5C269F14}"
EndProject
Project("{FAE04EC0-301F-11D3-BF4B-00C04F79EFBC}") = "WebApplication.Data", "WebApplication.Data\WebApplication.Data.csproj", "{61AA8327-E3EF-4B20-9146-A40FD1112C9C}"
EndProject
Global
	GlobalSection(SolutionConfigurationPlatforms) = preSolution
		Debug|Any CPU = Debug|Any CPU
		Debug|x64 = Debug|x64
		Debug|x86 = Debug|x86
		Release|Any CPU = Release|Any CPU
		Release|x64 = Release|x64
		Release|x86 = Release|x86
	EndGlobalSection
	GlobalSection(SolutionProperties) = preSolution
		HideSolutionNode = FALSE
	EndGlobalSection
	GlobalSection(ProjectConfigurationPlatforms) = postSolution
		{DFEDBDCD-AC89-4A5F-8A27-E98138490B19}.Debug|Any CPU.ActiveCfg = Debug|Any CPU
		{DFEDBDCD-AC89-4A5F-8A27-E98138490B19}.Debug|Any CPU.Build.0 = Debug|Any CPU
		{DFEDBDCD-AC89-4A5F-8A27-E98138490B19}.Debug|x64.ActiveCfg = Debug|x64
		{DFEDBDCD-AC89-4A5F-8A27-E98138490B19}.Debug|x64.Build.0 = Debug|x64
		{DFEDBDCD-AC89-4A5F-8A27-E98138490B19}.Debug|x86.ActiveCfg = Debug|x86
		{DFEDBDCD-AC89-4A5F-8A27-E98138490B19}.Debug|x86.Build.0 = Debug|x86
		{DFEDBDCD-AC89-4A5F-8A27-E98138490B19}.Release|Any CPU.ActiveCfg = Release|Any CPU
		{DFEDBDCD-AC89-4A5F-8A27-E98138490B19}.Release|Any CPU.Build.0 = Release|Any CPU
		{DFEDBDCD-AC89-4A5F-8A27-E98138490B19}.Release|x64.ActiveCfg = Release|x64
		{DFEDBDCD-AC89-4A5F-8A27-E98138490B19}.Release|x64.Build.0 = Release|x64
		{DFEDBDCD-AC89-4A5F-8A27-E98138490B19}.Release|x86.ActiveCfg = Release|x86
		{DFEDBDCD-AC89-4A5F-8A27-E98138490B19}.Release|x86.Build.0 = Release|x86
		{4C04A150-B84B-4ACA-93FB-6F221617B172}.Debug|Any CPU.ActiveCfg = Debug|Any CPU
		{4C04A150-B84B-4ACA-93FB-6F221617B172}.Debug|Any CPU.Build.0 = Debug|Any CPU
		{4C04A150-B84B-4ACA-93FB-6F221617B172}.Debug|x64.ActiveCfg = Debug|x64
		{4C04A150-B84B-4ACA-93FB-6F221617B172}.Debug|x64.Build.0 = Debug|x64
		{4C04A150-B84B-4ACA-93FB-6F221617B172}.Debug|x86.ActiveCfg = Debug|x86
		{4C04A150-B84B-4ACA-93FB-6F221617B172}.Debug|x86.Build.0 = Debug|x86
		{4C04A150-B84B-4ACA-93FB-6F221617B172}.Release|Any CPU.ActiveCfg = Release|Any CPU
		{4C04A150-B84B-4ACA-93FB-6F221617B172}.Release|Any CPU.Build.0 = Release|Any CPU
		{4C04A150-B84B-4ACA-93FB-6F221617B172}.Release|x64.ActiveCfg = Release|x64
		{4C04A150-B84B-4ACA-93FB-6F221617B172}.Release|x64.Build.0 = Release|x64
		{4C04A150-B84B-4ACA-93FB-6F221617B172}.Release|x86.ActiveCfg = Release|x86
		{4C04A150-B84B-4ACA-93FB-6F221617B172}.Release|x86.Build.0 = Release|x86
		{4FB4E1AE-8197-4042-B73D-D0AF5C269F14}.Debug|Any CPU.ActiveCfg = Debug|Any CPU
		{4FB4E1AE-8197-4042-B73D-D0AF5C269F14}.Debug|Any CPU.Build.0 = Debug|Any CPU
		{4FB4E1AE-8197-4042-B73D-D0AF5C269F14}.Debug|x64.ActiveCfg = Debug|x64
		{4FB4E1AE-8197-4042-B73D-D0AF5C269F14}.Debug|x64.Build.0 = Debug|x64
		{4FB4E1AE-8197-4042-B73D-D0AF5C269F14}.Debug|x86.ActiveCfg = Debug|x86
		{4FB4E1AE-8197-4042-B73D-D0AF5C269F14}.Debug|x86.Build.0 = Debug|x86
		{4FB4E1AE-8197-4042-B73D-D0AF5C269F14}.Release|Any CPU.ActiveCfg = Release|Any CPU
		{4FB4E1AE-8197-4042-B73D-D0AF5C269F14}.Release|Any CPU.Build.0 = Release|Any CPU
		{4FB4E1AE-8197-4042-B73D-D0AF5C269F14}.Release|x64.ActiveCfg = Release|x64
		{4FB4E1AE-8197-4042-B73D-D0AF5C269F14}.Release|x64.Build.0 = Release|x64
		{4FB4E1AE-8197-4042-B73D-D0AF5C269F14}.Release|x86.ActiveCfg = Release|x86
		{4FB4E1AE-8197-4042-B73D-D0AF5C269F14}.Release|x86.Build.0 = Release|x86
		{61AA8327-E3EF-4B20-9146-A40FD1112C9C}.Debug|Any CPU.ActiveCfg = Debug|Any CPU
		{61AA8327-E3EF-4B20-9146-A40FD1112C9C}.Debug|Any CPU.Build.0 = Debug|Any CPU
		{61AA8327-E3EF-4B20-9146-A40FD1112C9C}.Debug|x64.ActiveCfg = Debug|x64
		{61AA8327-E3EF-4B20-9146-A40FD1112C9C}.Debug|x64.Build.0 = Debug|x64
		{61AA8327-E3EF-4B20-9146-A40FD1112C9C}.Debug|x86.ActiveCfg = Debug|x86
		{61AA8327-E3EF-4B20-9146-A40FD1112C9C}.Debug|x86.Build.0 = Debug|x86
		{61AA8327-E3EF-4B20-9146-A40FD1112C9C}.Release|Any CPU.ActiveCfg = Release|Any CPU
		{61AA8327-E3EF-4B20-9146-A40FD1112C9C}.Release|Any CPU.Build.0 = Release|Any CPU
		{61AA8327-E3EF-4B20-9146-A40FD1112C9C}.Release|x64.ActiveCfg = Release|x64
		{61AA8327-E3EF-4B20-9146-A40FD1112C9C}.Release|x64.Build.0 = Release|x64
		{61AA8327-E3EF-4B20-9146-A40FD1112C9C}.Release|x86.ActiveCfg = Release|x86
		{61AA8327-E3EF-4B20-9146-A40FD1112C9C}.Release|x86.Build.0 = Release|x86
	EndGlobalSection
EndGlobal
